{
  "name": "sashimi",
  "version": "1.0.0",
  "lockfileVersion": 2,
  "requires": true,
  "packages": {
    "": {
      "name": "sashimi",
      "version": "1.0.0",
      "license": "ISC",
      "dependencies": {
        "@hapi/hapi": "^19.1.1",
        "chance": "^1.1.4",
        "date-fns": "^2.11.0",
        "dotenv": "^16.0.0",
        "esm": "^3.2.25"
      }
    },
    "node_modules/@hapi/accept": {
      "version": "5.0.1",
      "resolved": "https://registry.npmjs.org/@hapi/accept/-/accept-5.0.1.tgz",
      "integrity": "sha1-BoVT6Gfw9jIlpQbtdOiZRBr1PhA=",
      "dependencies": {
        "@hapi/boom": "9.x.x",
        "@hapi/hoek": "9.x.x"
      }
    },
    "node_modules/@hapi/address": {
      "version": "4.0.1",
      "resolved": "https://registry.npmjs.org/@hapi/address/-/address-4.0.1.tgz",
      "integrity": "sha1-JnMB3fe8RTcYN3pvs4MqLwSnId0=",
      "deprecated": "Moved to 'npm install @sideway/address'",
      "dependencies": {
        "@hapi/hoek": "^9.0.0"
      }
    },
    "node_modules/@hapi/ammo": {
      "version": "5.0.1",
      "resolved": "https://registry.npmjs.org/@hapi/ammo/-/ammo-5.0.1.tgz",
      "integrity": "sha1-nTRWD1whTtpWPYOMASlzh++qtJA=",
      "dependencies": {
        "@hapi/hoek": "9.x.x"
      }
    },
    "node_modules/@hapi/b64": {
      "version": "5.0.0",
      "resolved": "https://registry.npmjs.org/@hapi/b64/-/b64-5.0.0.tgz",
      "integrity": "sha1-uCEMvXL0d0mF54Vpt36XSY0kJ30=",
      "dependencies": {
        "@hapi/hoek": "9.x.x"
      }
    },
    "node_modules/@hapi/boom": {
      "version": "9.1.0",
      "resolved": "https://registry.npmjs.org/@hapi/boom/-/boom-9.1.0.tgz",
      "integrity": "sha1-DZUXZXpW/x4LQtCsqdobN3Bv7FY=",
      "dependencies": {
        "@hapi/hoek": "9.x.x"
      }
    },
    "node_modules/@hapi/bounce": {
      "version": "2.0.0",
      "resolved": "https://registry.npmjs.org/@hapi/bounce/-/bounce-2.0.0.tgz",
      "integrity": "sha1-5u9WmRw2ax4nOLLNg7ATVNk4zz0=",
      "dependencies": {
        "@hapi/boom": "9.x.x",
        "@hapi/hoek": "9.x.x"
      }
    },
    "node_modules/@hapi/bourne": {
      "version": "2.0.0",
      "resolved": "https://registry.npmjs.org/@hapi/bourne/-/bourne-2.0.0.tgz",
      "integrity": "sha1-W7IZPraFwAB1QMph0WbU4e2vkY0="
    },
    "node_modules/@hapi/call": {
      "version": "8.0.0",
      "resolved": "https://registry.npmjs.org/@hapi/call/-/call-8.0.0.tgz",
      "integrity": "sha1-peRWthHYSM9aEmYu8SDaiGBBxU0=",
      "dependencies": {
        "@hapi/address": "4.x.x",
        "@hapi/boom": "9.x.x",
        "@hapi/hoek": "9.x.x"
      }
    },
    "node_modules/@hapi/catbox": {
      "version": "11.1.0",
      "resolved": "https://registry.npmjs.org/@hapi/catbox/-/catbox-11.1.0.tgz",
      "integrity": "sha1-lJOAyCuPHNH3YNZ1afzTSrpU8UA=",
      "dependencies": {
        "@hapi/boom": "9.x.x",
        "@hapi/hoek": "9.x.x",
        "@hapi/joi": "17.x.x",
        "@hapi/podium": "4.x.x"
      }
    },
    "node_modules/@hapi/catbox-memory": {
      "version": "5.0.0",
      "resolved": "https://registry.npmjs.org/@hapi/catbox-memory/-/catbox-memory-5.0.0.tgz",
      "integrity": "sha1-bBja0agHN0gNHDO/vv1dAo3uyG0=",
      "dependencies": {
        "@hapi/boom": "9.x.x",
        "@hapi/hoek": "9.x.x"
      }
    },
    "node_modules/@hapi/content": {
      "version": "5.0.2",
      "resolved": "https://registry.npmjs.org/@hapi/content/-/content-5.0.2.tgz",
      "integrity": "sha1-rleVR2HeVwOSdj5kzddfB0F2qAQ=",
      "dependencies": {
        "@hapi/boom": "9.x.x"
      }
    },
    "node_modules/@hapi/cryptiles": {
      "version": "5.0.0",
      "resolved": "https://registry.npmjs.org/@hapi/cryptiles/-/cryptiles-5.0.0.tgz",
      "integrity": "sha1-NkyjM2WUx/JhcHpSfE022kqOuG4=",
      "deprecated": "This version has been deprecated and is no longer supported or maintained",
      "dependencies": {
        "@hapi/boom": "9.x.x"
      }
    },
    "node_modules/@hapi/file": {
      "version": "2.0.0",
      "resolved": "https://registry.npmjs.org/@hapi/file/-/file-2.0.0.tgz",
      "integrity": "sha1-Ls2jfRrp0weKZ8E7fahujDI337k="
    },
    "node_modules/@hapi/formula": {
      "version": "2.0.0",
      "resolved": "https://registry.npmjs.org/@hapi/formula/-/formula-2.0.0.tgz",
      "integrity": "sha1-7a3gYZ7VjI5PFk8jPNpwIR54cSg=",
      "deprecated": "Moved to 'npm install @sideway/formula'"
    },
    "node_modules/@hapi/hapi": {
      "version": "19.1.1",
      "resolved": "https://registry.npmjs.org/@hapi/hapi/-/hapi-19.1.1.tgz",
      "integrity": "sha1-07c3dxlLIim+gd0jeyOwZxGngco=",
      "deprecated": "This version contains severe security issues and defects and should not be used! Please upgrade to the latest version of @hapi/hapi or consider a commercial license (https://github.com/hapijs/hapi/issues/4114)",
      "dependencies": {
        "@hapi/accept": "^5.0.1",
        "@hapi/ammo": "^5.0.1",
        "@hapi/boom": "9.x.x",
        "@hapi/bounce": "2.x.x",
        "@hapi/call": "8.x.x",
        "@hapi/catbox": "11.x.x",
        "@hapi/catbox-memory": "5.x.x",
        "@hapi/heavy": "7.x.x",
        "@hapi/hoek": "9.x.x",
        "@hapi/joi": "17.x.x",
        "@hapi/mimos": "5.x.x",
        "@hapi/podium": "4.x.x",
        "@hapi/shot": "5.x.x",
        "@hapi/somever": "3.x.x",
        "@hapi/statehood": "^7.0.2",
        "@hapi/subtext": "^7.0.3",
        "@hapi/teamwork": "4.x.x",
        "@hapi/topo": "5.x.x"
      }
    },
    "node_modules/@hapi/heavy": {
      "version": "7.0.0",
      "resolved": "https://registry.npmjs.org/@hapi/heavy/-/heavy-7.0.0.tgz",
      "integrity": "sha1-cRsGvmx3owx6MC0aQfbtxAACXUg=",
      "dependencies": {
        "@hapi/boom": "9.x.x",
        "@hapi/hoek": "9.x.x",
        "@hapi/joi": "17.x.x"
      }
    },
    "node_modules/@hapi/hoek": {
      "version": "9.0.4",
      "resolved": "https://registry.npmjs.org/@hapi/hoek/-/hoek-9.0.4.tgz",
      "integrity": "sha1-6ArU6OjSrcbHfZhfaYRH6GKLYBA="
    },
    "node_modules/@hapi/iron": {
      "version": "6.0.0",
      "resolved": "https://registry.npmjs.org/@hapi/iron/-/iron-6.0.0.tgz",
      "integrity": "sha1-yj+RNs2mVb3WAo3gBF2g3j0UQ28=",
      "dependencies": {
        "@hapi/b64": "5.x.x",
        "@hapi/boom": "9.x.x",
        "@hapi/bourne": "2.x.x",
        "@hapi/cryptiles": "5.x.x",
        "@hapi/hoek": "9.x.x"
      }
    },
    "node_modules/@hapi/joi": {
      "version": "17.1.1",
      "resolved": "https://registry.npmjs.org/@hapi/joi/-/joi-17.1.1.tgz",
      "integrity": "sha1-nMjX4sIhPR5GcIxiYBhLRHxmE1A=",
      "deprecated": "Switch to 'npm install joi'",
      "dependencies": {
        "@hapi/address": "^4.0.1",
        "@hapi/formula": "^2.0.0",
        "@hapi/hoek": "^9.0.0",
        "@hapi/pinpoint": "^2.0.0",
        "@hapi/topo": "^5.0.0"
      }
    },
    "node_modules/@hapi/mimos": {
      "version": "5.0.0",
      "resolved": "https://registry.npmjs.org/@hapi/mimos/-/mimos-5.0.0.tgz",
      "integrity": "sha1-JFxsmLHMLBM5V1XHMDIbkT3gdOs=",
      "dependencies": {
        "@hapi/hoek": "9.x.x",
        "mime-db": "1.x.x"
      }
    },
    "node_modules/@hapi/nigel": {
      "version": "4.0.0",
      "resolved": "https://registry.npmjs.org/@hapi/nigel/-/nigel-4.0.0.tgz",
      "integrity": "sha1-2uIU8fo/0+DTYVFehVpU9XzffUw=",
      "deprecated": "This version has been deprecated and is no longer supported or maintained",
      "dependencies": {
        "@hapi/hoek": "9.x.x",
        "@hapi/vise": "4.x.x"
      }
    },
    "node_modules/@hapi/pez": {
      "version": "5.0.2",
      "resolved": "https://registry.npmjs.org/@hapi/pez/-/pez-5.0.2.tgz",
      "integrity": "sha1-JOqMVmUAsqVSFuY+FLyR3VfyLDM=",
      "dependencies": {
        "@hapi/b64": "5.x.x",
        "@hapi/boom": "9.x.x",
        "@hapi/content": "^5.0.2",
        "@hapi/hoek": "9.x.x",
        "@hapi/nigel": "4.x.x"
      }
    },
    "node_modules/@hapi/pinpoint": {
      "version": "2.0.0",
      "resolved": "https://registry.npmjs.org/@hapi/pinpoint/-/pinpoint-2.0.0.tgz",
      "integrity": "sha1-gFtA1NvsBPwRanMIlJTgDwc96N8=",
      "deprecated": "Moved to 'npm install @sideway/pinpoint'"
    },
    "node_modules/@hapi/podium": {
      "version": "4.1.0",
      "resolved": "https://registry.npmjs.org/@hapi/podium/-/podium-4.1.0.tgz",
      "integrity": "sha1-83Fm1M0k9hpVXZ6PYp8/B/gPteI=",
      "dependencies": {
        "@hapi/hoek": "9.x.x",
        "@hapi/joi": "17.x.x",
        "@hapi/teamwork": "4.x.x"
      }
    },
    "node_modules/@hapi/shot": {
      "version": "5.0.0",
      "resolved": "https://registry.npmjs.org/@hapi/shot/-/shot-5.0.0.tgz",
      "integrity": "sha1-ZMkIOYKVwbS9EPRxs6g7ThQQ80I=",
      "dependencies": {
        "@hapi/hoek": "9.x.x",
        "@hapi/joi": "17.x.x"
      }
    },
    "node_modules/@hapi/somever": {
      "version": "3.0.0",
      "resolved": "https://registry.npmjs.org/@hapi/somever/-/somever-3.0.0.tgz",
      "integrity": "sha1-9OmxapSEFbkmtN2JgBNgKwy0V1g=",
      "dependencies": {
        "@hapi/bounce": "2.x.x",
        "@hapi/hoek": "9.x.x"
      }
    },
    "node_modules/@hapi/statehood": {
      "version": "7.0.2",
      "resolved": "https://registry.npmjs.org/@hapi/statehood/-/statehood-7.0.2.tgz",
      "integrity": "sha1-55fH5tjNzfaQDp6mlhIYH+VVPbY=",
      "dependencies": {
        "@hapi/boom": "9.x.x",
        "@hapi/bounce": "2.x.x",
        "@hapi/bourne": "2.x.x",
        "@hapi/cryptiles": "5.x.x",
        "@hapi/hoek": "9.x.x",
        "@hapi/iron": "6.x.x",
        "@hapi/joi": "17.x.x"
      }
    },
    "node_modules/@hapi/subtext": {
      "version": "7.0.3",
      "resolved": "https://registry.npmjs.org/@hapi/subtext/-/subtext-7.0.3.tgz",
      "integrity": "sha1-90QPx8lmhY4fOWgemethccceer0=",
      "dependencies": {
        "@hapi/boom": "9.x.x",
        "@hapi/bourne": "2.x.x",
        "@hapi/content": "^5.0.2",
        "@hapi/file": "2.x.x",
        "@hapi/hoek": "9.x.x",
        "@hapi/pez": "^5.0.1",
        "@hapi/wreck": "17.x.x"
      }
    },
    "node_modules/@hapi/teamwork": {
      "version": "4.0.0",
      "resolved": "https://registry.npmjs.org/@hapi/teamwork/-/teamwork-4.0.0.tgz",
      "integrity": "sha1-Sq27iN4TvOOauEMVZc1Qx+zGMn8=",
      "deprecated": "This version has been deprecated and is no longer supported or maintained"
    },
    "node_modules/@hapi/topo": {
      "version": "5.0.0",
      "resolved": "https://registry.npmjs.org/@hapi/topo/-/topo-5.0.0.tgz",
      "integrity": "sha1-wZr4V3+jk6BunHe2CZWvlZvnIec=",
      "dependencies": {
        "@hapi/hoek": "^9.0.0"
      }
    },
    "node_modules/@hapi/vise": {
      "version": "4.0.0",
      "resolved": "https://registry.npmjs.org/@hapi/vise/-/vise-4.0.0.tgz",
      "integrity": "sha1-xqlP4SG5SlO/medIn3/MdMEE2wI=",
      "dependencies": {
        "@hapi/hoek": "9.x.x"
      }
    },
    "node_modules/@hapi/wreck": {
      "version": "17.0.0",
      "resolved": "https://registry.npmjs.org/@hapi/wreck/-/wreck-17.0.0.tgz",
      "integrity": "sha1-irDKKG6TfD96gvZ+S+Q0jIJLdDw=",
      "dependencies": {
        "@hapi/boom": "9.x.x",
        "@hapi/bourne": "2.x.x",
        "@hapi/hoek": "9.x.x"
      }
    },
    "node_modules/chance": {
      "version": "1.1.4",
      "resolved": "https://registry.npmjs.org/chance/-/chance-1.1.4.tgz",
      "integrity": "sha512-pXPDSu3knKlb6H7ahQfpq//J9mSOxYK8SMtp8MV/nRJh8aLRDIl0ipLH8At8+nVogVwtvPZzyIzY/EbcY/cLuQ=="
    },
    "node_modules/date-fns": {
      "version": "2.11.0",
      "resolved": "https://registry.npmjs.org/date-fns/-/date-fns-2.11.0.tgz",
      "integrity": "sha512-8P1cDi8ebZyDxUyUprBXwidoEtiQAawYPGvpfb+Dg0G6JrQ+VozwOmm91xYC0vAv1+0VmLehEPb+isg4BGUFfA=="
    },
    "node_modules/dotenv": {
      "version": "16.0.0",
      "resolved": "https://registry.npmjs.org/dotenv/-/dotenv-16.0.0.tgz",
      "integrity": "sha512-qD9WU0MPM4SWLPJy/r2Be+2WgQj8plChsyrCNQzW/0WjvcJQiKQJ9mH3ZgB3fxbUUxgc/11ZJ0Fi5KiimWGz2Q==",
      "engines": {
        "node": ">=12"
      }
    },
    "node_modules/esm": {
      "version": "3.2.25",
      "resolved": "https://registry.npmjs.org/esm/-/esm-3.2.25.tgz",
      "integrity": "sha512-U1suiZ2oDVWv4zPO56S0NcR5QriEahGtdN2OR6FiOG4WJvcjBVFB0qI4+eKoWFH483PKGuLuu6V8Z4T5g63UVA==",
      "engines": {
        "node": ">=6"
      }
    },
    "node_modules/mime-db": {
      "version": "1.43.0",
      "resolved": "https://registry.npmjs.org/mime-db/-/mime-db-1.43.0.tgz",
      "integrity": "sha1-ChLgUCZQ5HPXNVNQUOfI9OtPrlg=",
      "engines": {
        "node": ">= 0.6"
      }
    }
  },
  "dependencies": {
    "@hapi/accept": {
      "version": "5.0.1",
      "resolved": "https://registry.npmjs.org/@hapi/accept/-/accept-5.0.1.tgz",
      "integrity": "sha1-BoVT6Gfw9jIlpQbtdOiZRBr1PhA=",
      "requires": {
        "@hapi/boom": "9.x.x",
        "@hapi/hoek": "9.x.x"
      }
    },
    "@hapi/address": {
      "version": "4.0.1",
      "resolved": "https://registry.npmjs.org/@hapi/address/-/address-4.0.1.tgz",
      "integrity": "sha1-JnMB3fe8RTcYN3pvs4MqLwSnId0=",
      "requires": {
        "@hapi/hoek": "^9.0.0"
      }
    },
    "@hapi/ammo": {
      "version": "5.0.1",
      "resolved": "https://registry.npmjs.org/@hapi/ammo/-/ammo-5.0.1.tgz",
      "integrity": "sha1-nTRWD1whTtpWPYOMASlzh++qtJA=",
      "requires": {
        "@hapi/hoek": "9.x.x"
      }
    },
    "@hapi/b64": {
      "version": "5.0.0",
      "resolved": "https://registry.npmjs.org/@hapi/b64/-/b64-5.0.0.tgz",
      "integrity": "sha1-uCEMvXL0d0mF54Vpt36XSY0kJ30=",
      "requires": {
        "@hapi/hoek": "9.x.x"
      }
    },
    "@hapi/boom": {
      "version": "9.1.0",
      "resolved": "https://registry.npmjs.org/@hapi/boom/-/boom-9.1.0.tgz",
      "integrity": "sha1-DZUXZXpW/x4LQtCsqdobN3Bv7FY=",
      "requires": {
        "@hapi/hoek": "9.x.x"
      }
    },
    "@hapi/bounce": {
      "version": "2.0.0",
      "resolved": "https://registry.npmjs.org/@hapi/bounce/-/bounce-2.0.0.tgz",
      "integrity": "sha1-5u9WmRw2ax4nOLLNg7ATVNk4zz0=",
      "requires": {
        "@hapi/boom": "9.x.x",
        "@hapi/hoek": "9.x.x"
      }
    },
    "@hapi/bourne": {
      "version": "2.0.0",
      "resolved": "https://registry.npmjs.org/@hapi/bourne/-/bourne-2.0.0.tgz",
      "integrity": "sha1-W7IZPraFwAB1QMph0WbU4e2vkY0="
    },
    "@hapi/call": {
      "version": "8.0.0",
      "resolved": "https://registry.npmjs.org/@hapi/call/-/call-8.0.0.tgz",
      "integrity": "sha1-peRWthHYSM9aEmYu8SDaiGBBxU0=",
      "requires": {
        "@hapi/address": "4.x.x",
        "@hapi/boom": "9.x.x",
        "@hapi/hoek": "9.x.x"
      }
    },
    "@hapi/catbox": {
      "version": "11.1.0",
      "resolved": "https://registry.npmjs.org/@hapi/catbox/-/catbox-11.1.0.tgz",
      "integrity": "sha1-lJOAyCuPHNH3YNZ1afzTSrpU8UA=",
      "requires": {
        "@hapi/boom": "9.x.x",
        "@hapi/hoek": "9.x.x",
        "@hapi/joi": "17.x.x",
        "@hapi/podium": "4.x.x"
      }
    },
    "@hapi/catbox-memory": {
      "version": "5.0.0",
      "resolved": "https://registry.npmjs.org/@hapi/catbox-memory/-/catbox-memory-5.0.0.tgz",
      "integrity": "sha1-bBja0agHN0gNHDO/vv1dAo3uyG0=",
      "requires": {
        "@hapi/boom": "9.x.x",
        "@hapi/hoek": "9.x.x"
      }
    },
    "@hapi/content": {
      "version": "5.0.2",
      "resolved": "https://registry.npmjs.org/@hapi/content/-/content-5.0.2.tgz",
      "integrity": "sha1-rleVR2HeVwOSdj5kzddfB0F2qAQ=",
      "requires": {
        "@hapi/boom": "9.x.x"
      }
    },
    "@hapi/cryptiles": {
      "version": "5.0.0",
      "resolved": "https://registry.npmjs.org/@hapi/cryptiles/-/cryptiles-5.0.0.tgz",
      "integrity": "sha1-NkyjM2WUx/JhcHpSfE022kqOuG4=",
      "requires": {
        "@hapi/boom": "9.x.x"
      }
    },
    "@hapi/file": {
      "version": "2.0.0",
      "resolved": "https://registry.npmjs.org/@hapi/file/-/file-2.0.0.tgz",
      "integrity": "sha1-Ls2jfRrp0weKZ8E7fahujDI337k="
    },
    "@hapi/formula": {
      "version": "2.0.0",
      "resolved": "https://registry.npmjs.org/@hapi/formula/-/formula-2.0.0.tgz",
      "integrity": "sha1-7a3gYZ7VjI5PFk8jPNpwIR54cSg="
    },
    "@hapi/hapi": {
      "version": "19.1.1",
      "resolved": "https://registry.npmjs.org/@hapi/hapi/-/hapi-19.1.1.tgz",
      "integrity": "sha1-07c3dxlLIim+gd0jeyOwZxGngco=",
      "requires": {
        "@hapi/accept": "^5.0.1",
        "@hapi/ammo": "^5.0.1",
        "@hapi/boom": "9.x.x",
        "@hapi/bounce": "2.x.x",
        "@hapi/call": "8.x.x",
        "@hapi/catbox": "11.x.x",
        "@hapi/catbox-memory": "5.x.x",
        "@hapi/heavy": "7.x.x",
        "@hapi/hoek": "9.x.x",
        "@hapi/joi": "17.x.x",
        "@hapi/mimos": "5.x.x",
        "@hapi/podium": "4.x.x",
        "@hapi/shot": "5.x.x",
        "@hapi/somever": "3.x.x",
        "@hapi/statehood": "^7.0.2",
        "@hapi/subtext": "^7.0.3",
        "@hapi/teamwork": "4.x.x",
        "@hapi/topo": "5.x.x"
      }
    },
    "@hapi/heavy": {
      "version": "7.0.0",
      "resolved": "https://registry.npmjs.org/@hapi/heavy/-/heavy-7.0.0.tgz",
      "integrity": "sha1-cRsGvmx3owx6MC0aQfbtxAACXUg=",
      "requires": {
        "@hapi/boom": "9.x.x",
        "@hapi/hoek": "9.x.x",
        "@hapi/joi": "17.x.x"
      }
    },
    "@hapi/hoek": {
      "version": "9.0.4",
      "resolved": "https://registry.npmjs.org/@hapi/hoek/-/hoek-9.0.4.tgz",
      "integrity": "sha1-6ArU6OjSrcbHfZhfaYRH6GKLYBA="
    },
    "@hapi/iron": {
      "version": "6.0.0",
      "resolved": "https://registry.npmjs.org/@hapi/iron/-/iron-6.0.0.tgz",
      "integrity": "sha1-yj+RNs2mVb3WAo3gBF2g3j0UQ28=",
      "requires": {
        "@hapi/b64": "5.x.x",
        "@hapi/boom": "9.x.x",
        "@hapi/bourne": "2.x.x",
        "@hapi/cryptiles": "5.x.x",
        "@hapi/hoek": "9.x.x"
      }
    },
    "@hapi/joi": {
      "version": "17.1.1",
      "resolved": "https://registry.npmjs.org/@hapi/joi/-/joi-17.1.1.tgz",
      "integrity": "sha1-nMjX4sIhPR5GcIxiYBhLRHxmE1A=",
      "requires": {
        "@hapi/address": "^4.0.1",
        "@hapi/formula": "^2.0.0",
        "@hapi/hoek": "^9.0.0",
        "@hapi/pinpoint": "^2.0.0",
        "@hapi/topo": "^5.0.0"
      }
    },
    "@hapi/mimos": {
      "version": "5.0.0",
      "resolved": "https://registry.npmjs.org/@hapi/mimos/-/mimos-5.0.0.tgz",
      "integrity": "sha1-JFxsmLHMLBM5V1XHMDIbkT3gdOs=",
      "requires": {
        "@hapi/hoek": "9.x.x",
        "mime-db": "1.x.x"
      }
    },
    "@hapi/nigel": {
      "version": "4.0.0",
      "resolved": "https://registry.npmjs.org/@hapi/nigel/-/nigel-4.0.0.tgz",
      "integrity": "sha1-2uIU8fo/0+DTYVFehVpU9XzffUw=",
      "requires": {
        "@hapi/hoek": "9.x.x",
        "@hapi/vise": "4.x.x"
      }
    },
    "@hapi/pez": {
      "version": "5.0.2",
      "resolved": "https://registry.npmjs.org/@hapi/pez/-/pez-5.0.2.tgz",
      "integrity": "sha1-JOqMVmUAsqVSFuY+FLyR3VfyLDM=",
      "requires": {
        "@hapi/b64": "5.x.x",
        "@hapi/boom": "9.x.x",
        "@hapi/content": "^5.0.2",
        "@hapi/hoek": "9.x.x",
        "@hapi/nigel": "4.x.x"
      }
    },
    "@hapi/pinpoint": {
      "version": "2.0.0",
      "resolved": "https://registry.npmjs.org/@hapi/pinpoint/-/pinpoint-2.0.0.tgz",
      "integrity": "sha1-gFtA1NvsBPwRanMIlJTgDwc96N8="
    },
    "@hapi/podium": {
      "version": "4.1.0",
      "resolved": "https://registry.npmjs.org/@hapi/podium/-/podium-4.1.0.tgz",
      "integrity": "sha1-83Fm1M0k9hpVXZ6PYp8/B/gPteI=",
      "requires": {
        "@hapi/hoek": "9.x.x",
        "@hapi/joi": "17.x.x",
        "@hapi/teamwork": "4.x.x"
      }
    },
    "@hapi/shot": {
      "version": "5.0.0",
      "resolved": "https://registry.npmjs.org/@hapi/shot/-/shot-5.0.0.tgz",
      "integrity": "sha1-ZMkIOYKVwbS9EPRxs6g7ThQQ80I=",
      "requires": {
        "@hapi/hoek": "9.x.x",
        "@hapi/joi": "17.x.x"
      }
    },
    "@hapi/somever": {
      "version": "3.0.0",
      "resolved": "https://registry.npmjs.org/@hapi/somever/-/somever-3.0.0.tgz",
      "integrity": "sha1-9OmxapSEFbkmtN2JgBNgKwy0V1g=",
      "requires": {
        "@hapi/bounce": "2.x.x",
        "@hapi/hoek": "9.x.x"
      }
    },
    "@hapi/statehood": {
      "version": "7.0.2",
      "resolved": "https://registry.npmjs.org/@hapi/statehood/-/statehood-7.0.2.tgz",
      "integrity": "sha1-55fH5tjNzfaQDp6mlhIYH+VVPbY=",
      "requires": {
        "@hapi/boom": "9.x.x",
        "@hapi/bounce": "2.x.x",
        "@hapi/bourne": "2.x.x",
        "@hapi/cryptiles": "5.x.x",
        "@hapi/hoek": "9.x.x",
        "@hapi/iron": "6.x.x",
        "@hapi/joi": "17.x.x"
      }
    },
    "@hapi/subtext": {
      "version": "7.0.3",
      "resolved": "https://registry.npmjs.org/@hapi/subtext/-/subtext-7.0.3.tgz",
      "integrity": "sha1-90QPx8lmhY4fOWgemethccceer0=",
      "requires": {
        "@hapi/boom": "9.x.x",
        "@hapi/bourne": "2.x.x",
        "@hapi/content": "^5.0.2",
        "@hapi/file": "2.x.x",
        "@hapi/hoek": "9.x.x",
        "@hapi/pez": "^5.0.1",
        "@hapi/wreck": "17.x.x"
      }
    },
    "@hapi/teamwork": {
      "version": "4.0.0",
      "resolved": "https://registry.npmjs.org/@hapi/teamwork/-/teamwork-4.0.0.tgz",
      "integrity": "sha1-Sq27iN4TvOOauEMVZc1Qx+zGMn8="
    },
    "@hapi/topo": {
      "version": "5.0.0",
      "resolved": "https://registry.npmjs.org/@hapi/topo/-/topo-5.0.0.tgz",
      "integrity": "sha1-wZr4V3+jk6BunHe2CZWvlZvnIec=",
      "requires": {
        "@hapi/hoek": "^9.0.0"
      }
    },
    "@hapi/vise": {
      "version": "4.0.0",
      "resolved": "https://registry.npmjs.org/@hapi/vise/-/vise-4.0.0.tgz",
      "integrity": "sha1-xqlP4SG5SlO/medIn3/MdMEE2wI=",
      "requires": {
        "@hapi/hoek": "9.x.x"
      }
    },
    "@hapi/wreck": {
      "version": "17.0.0",
      "resolved": "https://registry.npmjs.org/@hapi/wreck/-/wreck-17.0.0.tgz",
      "integrity": "sha1-irDKKG6TfD96gvZ+S+Q0jIJLdDw=",
      "requires": {
        "@hapi/boom": "9.x.x",
        "@hapi/bourne": "2.x.x",
        "@hapi/hoek": "9.x.x"
      }
    },
    "chance": {
      "version": "1.1.4",
      "resolved": "https://registry.npmjs.org/chance/-/chance-1.1.4.tgz",
      "integrity": "sha512-pXPDSu3knKlb6H7ahQfpq//J9mSOxYK8SMtp8MV/nRJh8aLRDIl0ipLH8At8+nVogVwtvPZzyIzY/EbcY/cLuQ=="
    },
    "date-fns": {
      "version": "2.11.0",
      "resolved": "https://registry.npmjs.org/date-fns/-/date-fns-2.11.0.tgz",
      "integrity": "sha512-8P1cDi8ebZyDxUyUprBXwidoEtiQAawYPGvpfb+Dg0G6JrQ+VozwOmm91xYC0vAv1+0VmLehEPb+isg4BGUFfA=="
    },
    "dotenv": {
      "version": "16.0.0",
      "resolved": "https://registry.npmjs.org/dotenv/-/dotenv-16.0.0.tgz",
      "integrity": "sha512-qD9WU0MPM4SWLPJy/r2Be+2WgQj8plChsyrCNQzW/0WjvcJQiKQJ9mH3ZgB3fxbUUxgc/11ZJ0Fi5KiimWGz2Q=="
    },
    "esm": {
      "version": "3.2.25",
      "resolved": "https://registry.npmjs.org/esm/-/esm-3.2.25.tgz",
      "integrity": "sha512-U1suiZ2oDVWv4zPO56S0NcR5QriEahGtdN2OR6FiOG4WJvcjBVFB0qI4+eKoWFH483PKGuLuu6V8Z4T5g63UVA=="
    },
    "mime-db": {
      "version": "1.43.0",
      "resolved": "https://registry.npmjs.org/mime-db/-/mime-db-1.43.0.tgz",
      "integrity": "sha1-ChLgUCZQ5HPXNVNQUOfI9OtPrlg="
    }
  }
}
